
Microsoft Visual Studio Solution File, Format Version 12.00
# Visual Studio Version 16
VisualStudioVersion = 16.0.31112.23
MinimumVisualStudioVersion = 10.0.40219.1
Project("{FAE04EC0-301F-11D3-BF4B-00C04F79EFBC}") = "ClientProxy-P4-090", "ClientProxy-P4-090\ClientProxy-P4-090.csproj", "{6C8FD22F-E2C2-4091-89F3-657824A86D3B}"
EndProject
Global
	GlobalSection(SolutionConfigurationPlatforms) = preSolution
		Debug|Any CPU = Debug|Any CPU
		Release|Any CPU = Release|Any CPU
	EndGlobalSection
	GlobalSection(ProjectConfigurationPlatforms) = postSolution
		{6C8FD22F-E2C2-4091-89F3-657824A86D3B}.Debug|Any CPU.ActiveCfg = Debug|Any CPU
		{6C8FD22F-E2C2-4091-89F3-657824A86D3B}.Debug|Any CPU.Build.0 = Debug|Any CPU
		{6C8FD22F-E2C2-4091-89F3-657824A86D3B}.Release|Any CPU.ActiveCfg = Release|Any CPU
		{6C8FD22F-E2C2-4091-89F3-657824A86D3B}.Release|Any CPU.Build.0 = Release|Any CPU
	EndGlobalSection
	GlobalSection(SolutionProperties) = preSolution
		HideSolutionNode = FALSE
	EndGlobalSection
	GlobalSection(ExtensibilityGlobals) = postSolution
		SolutionGuid = {F2B2DAB6-1FDA-4BB2-B898-F8255B43F93D}
	EndGlobalSection
EndGlobal
